
Microsoft Visual Studio Solution File, Format Version 12.00
# Visual Studio 14
VisualStudioVersion = 14.0.25420.1
MinimumVisualStudioVersion = 10.0.40219.1
Project("{FAE04EC0-301F-11D3-BF4B-00C04F79EFBC}") = "LmkPhotoViewer", "LmkPhotoViewer\LmkPhotoViewer.csproj", "{4777B429-CC8F-4756-96AD-514BD4EEFEC8}"
EndProject
Project("{FAE04EC0-301F-11D3-BF4B-00C04F79EFBC}") = "LmkImageLib", "LmkImageLib\LmkImageLib.csproj", "{0C1D1252-E7E5-4532-88C6-2ABED8446FDA}"
EndProject
Global
	GlobalSection(SolutionConfigurationPlatforms) = preSolution
		Debug|Any CPU = Debug|Any CPU
		Release|Any CPU = Release|Any CPU
	EndGlobalSection
	GlobalSection(ProjectConfigurationPlatforms) = postSolution
		{4777B429-CC8F-4756-96AD-514BD4EEFEC8}.Debug|Any CPU.ActiveCfg = Debug|Any CPU
		{4777B429-CC8F-4756-96AD-514BD4EEFEC8}.Debug|Any CPU.Build.0 = Debug|Any CPU
		{4777B429-CC8F-4756-96AD-514BD4EEFEC8}.Release|Any CPU.ActiveCfg = Release|Any CPU
		{4777B429-CC8F-4756-96AD-514BD4EEFEC8}.Release|Any CPU.Build.0 = Release|Any CPU
		{0C1D1252-E7E5-4532-88C6-2ABED8446FDA}.Debug|Any CPU.ActiveCfg = Debug|Any CPU
		{0C1D1252-E7E5-4532-88C6-2ABED8446FDA}.Debug|Any CPU.Build.0 = Debug|Any CPU
		{0C1D1252-E7E5-4532-88C6-2ABED8446FDA}.Release|Any CPU.ActiveCfg = Release|Any CPU
		{0C1D1252-E7E5-4532-88C6-2ABED8446FDA}.Release|Any CPU.Build.0 = Release|Any CPU
	EndGlobalSection
	GlobalSection(SolutionProperties) = preSolution
		HideSolutionNode = FALSE
	EndGlobalSection
EndGlobal
